{
  "name": "inclusive-research-webdev",
  "lockfileVersion": 3,
  "requires": true,
  "packages": {
    "": {
      "devDependencies": {
        "@orangealertx/reacttemplates": "^1.0.1"
      }
    },
    "node_modules/@orangealertx/reacttemplates": {
      "version": "1.0.1",
      "resolved": "https://npm.pkg.github.com/download/@orangealertx/reacttemplates/1.0.1/b99deca5ddcf635d86e7895299a22d9e9d13beba",
      "integrity": "sha512-kROYTxnvcAIw5t0tiMiML1nc+wEAhHax3KzlWJB8qCmFb2/HWGjNQUhmI+o5d/c6DIX5CJzNzIOtcmdFbEiw3w==",
      "dev": true,
      "dependencies": {
        "ncp": "^2.0.0"
      }
    },
    "node_modules/ncp": {
      "version": "2.0.0",
      "resolved": "https://registry.npmjs.org/ncp/-/ncp-2.0.0.tgz",
      "integrity": "sha512-zIdGUrPRFTUELUvr3Gmc7KZ2Sw/h1PiVM0Af/oHB6zgnV1ikqSfRk+TOufi79aHYCW3NiOXmr1BP5nWbzojLaA==",
      "dev": true,
      "bin": {
        "ncp": "bin/ncp"
      }
    }
  }
}
